
Microsoft Visual Studio Solution File, Format Version 12.00
# Visual Studio Version 17
VisualStudioVersion = 17.8.0.0
MinimumVisualStudioVersion = 17.8.0.0
Project("{9A19103F-16F7-4668-BE54-9A1E7A4F7556}") = "TaskManager.AppHost", "TaskManager.AppHost\TaskManager.AppHost.csproj", "{86AA6C8E-D511-43BA-9C12-25FA17C004B9}"
EndProject
Project("{9A19103F-16F7-4668-BE54-9A1E7A4F7556}") = "TaskManager.ServiceDefaults", "TaskManager.ServiceDefaults\TaskManager.ServiceDefaults.csproj", "{027330D0-93B3-487A-8449-3D1F9FC2DFD1}"
EndProject
Project("{FAE04EC0-301F-11D3-BF4B-00C04F79EFBC}") = "TaskManager.Api", "TaskManager.Api\TaskManager.Api.csproj", "{504C1C68-7F7B-4195-9E46-BE78CADC6C34}"
EndProject
Project("{FAE04EC0-301F-11D3-BF4B-00C04F79EFBC}") = "TaskManager.Api.Tests", "TaskManager.Api.Tests\TaskManager.Api.Tests.csproj", "{842EDA45-3C2F-42C2-BA66-16BE69E84F02}"
EndProject
Project("{FAE04EC0-301F-11D3-BF4B-00C04F79EFBC}") = "TaskManager.Domain", "TaskManager.Domain\TaskManager.Domain.csproj", "{7E5D425E-E9C6-465E-9294-496070E986D4}"
EndProject
Project("{FAE04EC0-301F-11D3-BF4B-00C04F79EFBC}") = "TaskManager.Application", "TaskManager.Application\TaskManager.Application.csproj", "{46F80711-8243-401F-A248-50296FA71BE7}"
EndProject
Project("{FAE04EC0-301F-11D3-BF4B-00C04F79EFBC}") = "TaskManager.Infrastructure", "TaskManager.Infrastructure\TaskManager.Infrastructure.csproj", "{E242FCCD-E6CF-456B-84B1-6D901578C94F}"
EndProject
Global
	GlobalSection(SolutionConfigurationPlatforms) = preSolution
		Debug|Any CPU = Debug|Any CPU
		Debug|x64 = Debug|x64
		Debug|x86 = Debug|x86
		Release|Any CPU = Release|Any CPU
		Release|x64 = Release|x64
		Release|x86 = Release|x86
	EndGlobalSection
	GlobalSection(ProjectConfigurationPlatforms) = postSolution
		{86AA6C8E-D511-43BA-9C12-25FA17C004B9}.Debug|Any CPU.ActiveCfg = Debug|Any CPU
		{86AA6C8E-D511-43BA-9C12-25FA17C004B9}.Debug|Any CPU.Build.0 = Debug|Any CPU
		{86AA6C8E-D511-43BA-9C12-25FA17C004B9}.Debug|x64.ActiveCfg = Debug|Any CPU
		{86AA6C8E-D511-43BA-9C12-25FA17C004B9}.Debug|x64.Build.0 = Debug|Any CPU
		{86AA6C8E-D511-43BA-9C12-25FA17C004B9}.Debug|x86.ActiveCfg = Debug|Any CPU
		{86AA6C8E-D511-43BA-9C12-25FA17C004B9}.Debug|x86.Build.0 = Debug|Any CPU
		{86AA6C8E-D511-43BA-9C12-25FA17C004B9}.Release|Any CPU.ActiveCfg = Release|Any CPU
		{86AA6C8E-D511-43BA-9C12-25FA17C004B9}.Release|Any CPU.Build.0 = Release|Any CPU
		{86AA6C8E-D511-43BA-9C12-25FA17C004B9}.Release|x64.ActiveCfg = Release|Any CPU
		{86AA6C8E-D511-43BA-9C12-25FA17C004B9}.Release|x64.Build.0 = Release|Any CPU
		{86AA6C8E-D511-43BA-9C12-25FA17C004B9}.Release|x86.ActiveCfg = Release|Any CPU
		{86AA6C8E-D511-43BA-9C12-25FA17C004B9}.Release|x86.Build.0 = Release|Any CPU
		{027330D0-93B3-487A-8449-3D1F9FC2DFD1}.Debug|Any CPU.ActiveCfg = Debug|Any CPU
		{027330D0-93B3-487A-8449-3D1F9FC2DFD1}.Debug|Any CPU.Build.0 = Debug|Any CPU
		{027330D0-93B3-487A-8449-3D1F9FC2DFD1}.Debug|x64.ActiveCfg = Debug|Any CPU
		{027330D0-93B3-487A-8449-3D1F9FC2DFD1}.Debug|x64.Build.0 = Debug|Any CPU
		{027330D0-93B3-487A-8449-3D1F9FC2DFD1}.Debug|x86.ActiveCfg = Debug|Any CPU
		{027330D0-93B3-487A-8449-3D1F9FC2DFD1}.Debug|x86.Build.0 = Debug|Any CPU
		{027330D0-93B3-487A-8449-3D1F9FC2DFD1}.Release|Any CPU.ActiveCfg = Release|Any CPU
		{027330D0-93B3-487A-8449-3D1F9FC2DFD1}.Release|Any CPU.Build.0 = Release|Any CPU
		{027330D0-93B3-487A-8449-3D1F9FC2DFD1}.Release|x64.ActiveCfg = Release|Any CPU
		{027330D0-93B3-487A-8449-3D1F9FC2DFD1}.Release|x64.Build.0 = Release|Any CPU
		{027330D0-93B3-487A-8449-3D1F9FC2DFD1}.Release|x86.ActiveCfg = Release|Any CPU
		{027330D0-93B3-487A-8449-3D1F9FC2DFD1}.Release|x86.Build.0 = Release|Any CPU
		{504C1C68-7F7B-4195-9E46-BE78CADC6C34}.Debug|Any CPU.ActiveCfg = Debug|Any CPU
		{504C1C68-7F7B-4195-9E46-BE78CADC6C34}.Debug|Any CPU.Build.0 = Debug|Any CPU
		{504C1C68-7F7B-4195-9E46-BE78CADC6C34}.Debug|x64.ActiveCfg = Debug|Any CPU
		{504C1C68-7F7B-4195-9E46-BE78CADC6C34}.Debug|x64.Build.0 = Debug|Any CPU
		{504C1C68-7F7B-4195-9E46-BE78CADC6C34}.Debug|x86.ActiveCfg = Debug|Any CPU
		{504C1C68-7F7B-4195-9E46-BE78CADC6C34}.Debug|x86.Build.0 = Debug|Any CPU
		{504C1C68-7F7B-4195-9E46-BE78CADC6C34}.Release|Any CPU.ActiveCfg = Release|Any CPU
		{504C1C68-7F7B-4195-9E46-BE78CADC6C34}.Release|Any CPU.Build.0 = Release|Any CPU
		{504C1C68-7F7B-4195-9E46-BE78CADC6C34}.Release|x64.ActiveCfg = Release|Any CPU
		{504C1C68-7F7B-4195-9E46-BE78CADC6C34}.Release|x64.Build.0 = Release|Any CPU
		{504C1C68-7F7B-4195-9E46-BE78CADC6C34}.Release|x86.ActiveCfg = Release|Any CPU
		{504C1C68-7F7B-4195-9E46-BE78CADC6C34}.Release|x86.Build.0 = Release|Any CPU
		{842EDA45-3C2F-42C2-BA66-16BE69E84F02}.Debug|Any CPU.ActiveCfg = Debug|Any CPU
		{842EDA45-3C2F-42C2-BA66-16BE69E84F02}.Debug|Any CPU.Build.0 = Debug|Any CPU
		{842EDA45-3C2F-42C2-BA66-16BE69E84F02}.Debug|x64.ActiveCfg = Debug|Any CPU
		{842EDA45-3C2F-42C2-BA66-16BE69E84F02}.Debug|x64.Build.0 = Debug|Any CPU
		{842EDA45-3C2F-42C2-BA66-16BE69E84F02}.Debug|x86.ActiveCfg = Debug|Any CPU
		{842EDA45-3C2F-42C2-BA66-16BE69E84F02}.Debug|x86.Build.0 = Debug|Any CPU
		{842EDA45-3C2F-42C2-BA66-16BE69E84F02}.Release|Any CPU.ActiveCfg = Release|Any CPU
		{842EDA45-3C2F-42C2-BA66-16BE69E84F02}.Release|Any CPU.Build.0 = Release|Any CPU
		{842EDA45-3C2F-42C2-BA66-16BE69E84F02}.Release|x64.ActiveCfg = Release|Any CPU
		{842EDA45-3C2F-42C2-BA66-16BE69E84F02}.Release|x64.Build.0 = Release|Any CPU
		{842EDA45-3C2F-42C2-BA66-16BE69E84F02}.Release|x86.ActiveCfg = Release|Any CPU
		{842EDA45-3C2F-42C2-BA66-16BE69E84F02}.Release|x86.Build.0 = Release|Any CPU
		{7E5D425E-E9C6-465E-9294-496070E986D4}.Debug|Any CPU.ActiveCfg = Debug|Any CPU
		{7E5D425E-E9C6-465E-9294-496070E986D4}.Debug|Any CPU.Build.0 = Debug|Any CPU
		{7E5D425E-E9C6-465E-9294-496070E986D4}.Debug|x64.ActiveCfg = Debug|Any CPU
		{7E5D425E-E9C6-465E-9294-496070E986D4}.Debug|x64.Build.0 = Debug|Any CPU
		{7E5D425E-E9C6-465E-9294-496070E986D4}.Debug|x86.ActiveCfg = Debug|Any CPU
		{7E5D425E-E9C6-465E-9294-496070E986D4}.Debug|x86.Build.0 = Debug|Any CPU
		{7E5D425E-E9C6-465E-9294-496070E986D4}.Release|Any CPU.ActiveCfg = Release|Any CPU
		{7E5D425E-E9C6-465E-9294-496070E986D4}.Release|Any CPU.Build.0 = Release|Any CPU
		{7E5D425E-E9C6-465E-9294-496070E986D4}.Release|x64.ActiveCfg = Release|Any CPU
		{7E5D425E-E9C6-465E-9294-496070E986D4}.Release|x64.Build.0 = Release|Any CPU
		{7E5D425E-E9C6-465E-9294-496070E986D4}.Release|x86.ActiveCfg = Release|Any CPU
		{7E5D425E-E9C6-465E-9294-496070E986D4}.Release|x86.Build.0 = Release|Any CPU
		{46F80711-8243-401F-A248-50296FA71BE7}.Debug|Any CPU.ActiveCfg = Debug|Any CPU
		{46F80711-8243-401F-A248-50296FA71BE7}.Debug|Any CPU.Build.0 = Debug|Any CPU
		{46F80711-8243-401F-A248-50296FA71BE7}.Debug|x64.ActiveCfg = Debug|Any CPU
		{46F80711-8243-401F-A248-50296FA71BE7}.Debug|x64.Build.0 = Debug|Any CPU
		{46F80711-8243-401F-A248-50296FA71BE7}.Debug|x86.ActiveCfg = Debug|Any CPU
		{46F80711-8243-401F-A248-50296FA71BE7}.Debug|x86.Build.0 = Debug|Any CPU
		{46F80711-8243-401F-A248-50296FA71BE7}.Release|Any CPU.ActiveCfg = Release|Any CPU
		{46F80711-8243-401F-A248-50296FA71BE7}.Release|Any CPU.Build.0 = Release|Any CPU
		{46F80711-8243-401F-A248-50296FA71BE7}.Release|x64.ActiveCfg = Release|Any CPU
		{46F80711-8243-401F-A248-50296FA71BE7}.Release|x64.Build.0 = Release|Any CPU
		{46F80711-8243-401F-A248-50296FA71BE7}.Release|x86.ActiveCfg = Release|Any CPU
		{46F80711-8243-401F-A248-50296FA71BE7}.Release|x86.Build.0 = Release|Any CPU
		{E242FCCD-E6CF-456B-84B1-6D901578C94F}.Debug|Any CPU.ActiveCfg = Debug|Any CPU
		{E242FCCD-E6CF-456B-84B1-6D901578C94F}.Debug|Any CPU.Build.0 = Debug|Any CPU
		{E242FCCD-E6CF-456B-84B1-6D901578C94F}.Debug|x64.ActiveCfg = Debug|Any CPU
		{E242FCCD-E6CF-456B-84B1-6D901578C94F}.Debug|x64.Build.0 = Debug|Any CPU
		{E242FCCD-E6CF-456B-84B1-6D901578C94F}.Debug|x86.ActiveCfg = Debug|Any CPU
		{E242FCCD-E6CF-456B-84B1-6D901578C94F}.Debug|x86.Build.0 = Debug|Any CPU
		{E242FCCD-E6CF-456B-84B1-6D901578C94F}.Release|Any CPU.ActiveCfg = Release|Any CPU
		{E242FCCD-E6CF-456B-84B1-6D901578C94F}.Release|Any CPU.Build.0 = Release|Any CPU
		{E242FCCD-E6CF-456B-84B1-6D901578C94F}.Release|x64.ActiveCfg = Release|Any CPU
		{E242FCCD-E6CF-456B-84B1-6D901578C94F}.Release|x64.Build.0 = Release|Any CPU
		{E242FCCD-E6CF-456B-84B1-6D901578C94F}.Release|x86.ActiveCfg = Release|Any CPU
		{E242FCCD-E6CF-456B-84B1-6D901578C94F}.Release|x86.Build.0 = Release|Any CPU
	EndGlobalSection
	GlobalSection(SolutionProperties) = preSolution
		HideSolutionNode = FALSE
	EndGlobalSection
	GlobalSection(ExtensibilityGlobals) = postSolution
		SolutionGuid = {573AB76C-7828-4D6B-AF88-A0F2356D6730}
	EndGlobalSection
EndGlobal
